// !$*UTF8*$!
{
	archiveVersion = 1;
	classes = {
	};
	objectVersion = 46;
	objects = {

/* Begin PBXBuildFile section */
		707872B61C747E58008995F6 /* main.m in Sources */ = {isa = PBXBuildFile; fileRef = 707872B51C747E58008995F6 /* main.m */; };
		707872B91C747E58008995F6 /* AppDelegate.m in Sources */ = {isa = PBXBuildFile; fileRef = 707872B81C747E58008995F6 /* AppDelegate.m */; };
		707872BF1C747E58008995F6 /* Main.storyboard in Resources */ = {isa = PBXBuildFile; fileRef = 707872BD1C747E58008995F6 /* Main.storyboard */; };
		707872C11C747E58008995F6 /* Assets.xcassets in Resources */ = {isa = PBXBuildFile; fileRef = 707872C01C747E58008995F6 /* Assets.xcassets */; };
		707872C41C747E58008995F6 /* LaunchScreen.storyboard in Resources */ = {isa = PBXBuildFile; fileRef = 707872C21C747E58008995F6 /* LaunchScreen.storyboard */; };
		707872D11C747FF3008995F6 /* CalculatorController.m in Sources */ = {isa = PBXBuildFile; fileRef = 707872D01C747FF3008995F6 /* CalculatorController.m */; };
		707872D41C748080008995F6 /* SettingController.m in Sources */ = {isa = PBXBuildFile; fileRef = 707872D31C748080008995F6 /* SettingController.m */; };
		707872D71C748190008995F6 /* AppColor.m in Sources */ = {isa = PBXBuildFile; fileRef = 707872D61C748190008995F6 /* AppColor.m */; };
		707872DA1C7481A6008995F6 /* AppFont.m in Sources */ = {isa = PBXBuildFile; fileRef = 707872D91C7481A6008995F6 /* AppFont.m */; };
		707872DD1C752D61008995F6 /* NumberButton.m in Sources */ = {isa = PBXBuildFile; fileRef = 707872DC1C752D61008995F6 /* NumberButton.m */; };
		707872E01C75CF2F008995F6 /* Calculator.m in Sources */ = {isa = PBXBuildFile; fileRef = 707872DF1C75CF2F008995F6 /* Calculator.m */; };
		707872E31C75CFB8008995F6 /* OperatorButton.m in Sources */ = {isa = PBXBuildFile; fileRef = 707872E21C75CFB8008995F6 /* OperatorButton.m */; };
		707872E61C75D229008995F6 /* CalculatorButton.m in Sources */ = {isa = PBXBuildFile; fileRef = 707872E51C75D229008995F6 /* CalculatorButton.m */; };
/* End PBXBuildFile section */

/* Begin PBXFileReference section */
		707872B11C747E58008995F6 /* ListCalculator.app */ = {isa = PBXFileReference; explicitFileType = wrapper.application; includeInIndex = 0; path = ListCalculator.app; sourceTree = BUILT_PRODUCTS_DIR; };
		707872B51C747E58008995F6 /* main.m */ = {isa = PBXFileReference; lastKnownFileType = sourcecode.c.objc; path = main.m; sourceTree = "<group>"; };
		707872B71C747E58008995F6 /* AppDelegate.h */ = {isa = PBXFileReference; lastKnownFileType = sourcecode.c.h; path = AppDelegate.h; sourceTree = "<group>"; };
		707872B81C747E58008995F6 /* AppDelegate.m */ = {isa = PBXFileReference; lastKnownFileType = sourcecode.c.objc; path = AppDelegate.m; sourceTree = "<group>"; };
		707872BE1C747E58008995F6 /* Base */ = {isa = PBXFileReference; lastKnownFileType = file.storyboard; name = Base; path = Base.lproj/Main.storyboard; sourceTree = "<group>"; };
		707872C01C747E58008995F6 /* Assets.xcassets */ = {isa = PBXFileReference; lastKnownFileType = folder.assetcatalog; path = Assets.xcassets; sourceTree = "<group>"; };
		707872C31C747E58008995F6 /* Base */ = {isa = PBXFileReference; lastKnownFileType = file.storyboard; name = Base; path = Base.lproj/LaunchScreen.storyboard; sourceTree = "<group>"; };
		707872C51C747E58008995F6 /* Info.plist */ = {isa = PBXFileReference; lastKnownFileType = text.plist.xml; path = Info.plist; sourceTree = "<group>"; };
		707872CF1C747FF3008995F6 /* CalculatorController.h */ = {isa = PBXFileReference; fileEncoding = 4; lastKnownFileType = sourcecode.c.h; path = CalculatorController.h; sourceTree = "<group>"; };
		707872D01C747FF3008995F6 /* CalculatorController.m */ = {isa = PBXFileReference; fileEncoding = 4; lastKnownFileType = sourcecode.c.objc; path = CalculatorController.m; sourceTree = "<group>"; };
		707872D21C748080008995F6 /* SettingController.h */ = {isa = PBXFileReference; fileEncoding = 4; lastKnownFileType = sourcecode.c.h; path = SettingController.h; sourceTree = "<group>"; };
		707872D31C748080008995F6 /* SettingController.m */ = {isa = PBXFileReference; fileEncoding = 4; lastKnownFileType = sourcecode.c.objc; path = SettingController.m; sourceTree = "<group>"; };
		707872D51C748190008995F6 /* AppColor.h */ = {isa = PBXFileReference; fileEncoding = 4; lastKnownFileType = sourcecode.c.h; path = AppColor.h; sourceTree = "<group>"; };
		707872D61C748190008995F6 /* AppColor.m */ = {isa = PBXFileReference; fileEncoding = 4; lastKnownFileType = sourcecode.c.objc; path = AppColor.m; sourceTree = "<group>"; };
		707872D81C7481A6008995F6 /* AppFont.h */ = {isa = PBXFileReference; fileEncoding = 4; lastKnownFileType = sourcecode.c.h; path = AppFont.h; sourceTree = "<group>"; };
		707872D91C7481A6008995F6 /* AppFont.m */ = {isa = PBXFileReference; fileEncoding = 4; lastKnownFileType = sourcecode.c.objc; path = AppFont.m; sourceTree = "<group>"; };
		707872DB1C752D61008995F6 /* NumberButton.h */ = {isa = PBXFileReference; fileEncoding = 4; lastKnownFileType = sourcecode.c.h; path = NumberButton.h; sourceTree = "<group>"; };
		707872DC1C752D61008995F6 /* NumberButton.m */ = {isa = PBXFileReference; fileEncoding = 4; lastKnownFileType = sourcecode.c.objc; path = NumberButton.m; sourceTree = "<group>"; };
		707872DE1C75CF2F008995F6 /* Calculator.h */ = {isa = PBXFileReference; fileEncoding = 4; lastKnownFileType = sourcecode.c.h; path = Calculator.h; sourceTree = "<group>"; };
		707872DF1C75CF2F008995F6 /* Calculator.m */ = {isa = PBXFileReference; fileEncoding = 4; lastKnownFileType = sourcecode.c.objc; path = Calculator.m; sourceTree = "<group>"; };
		707872E11C75CFB8008995F6 /* OperatorButton.h */ = {isa = PBXFileReference; fileEncoding = 4; lastKnownFileType = sourcecode.c.h; path = OperatorButton.h; sourceTree = "<group>"; };
		707872E21C75CFB8008995F6 /* OperatorButton.m */ = {isa = PBXFileReference; fileEncoding = 4; lastKnownFileType = sourcecode.c.objc; path = OperatorButton.m; sourceTree = "<group>"; };
		707872E41C75D229008995F6 /* CalculatorButton.h */ = {isa = PBXFileReference; fileEncoding = 4; lastKnownFileType = sourcecode.c.h; path = CalculatorButton.h; sourceTree = "<group>"; };
		707872E51C75D229008995F6 /* CalculatorButton.m */ = {isa = PBXFileReference; fileEncoding = 4; lastKnownFileType = sourcecode.c.objc; path = CalculatorButton.m; sourceTree = "<group>"; };
/* End PBXFileReference section */

/* Begin PBXFrameworksBuildPhase section */
		707872AE1C747E58008995F6 /* Frameworks */ = {
			isa = PBXFrameworksBuildPhase;
			buildActionMask = 2147483647;
			files = (
			);
			runOnlyForDeploymentPostprocessing = 0;
		};
/* End PBXFrameworksBuildPhase section */

/* Begin PBXGroup section */
		707872A81C747E58008995F6 = {
			isa = PBXGroup;
			children = (
				707872B31C747E58008995F6 /* ListCalculator */,
				707872B21C747E58008995F6 /* Products */,
			);
			sourceTree = "<group>";
		};
		707872B21C747E58008995F6 /* Products */ = {
			isa = PBXGroup;
			children = (
				707872B11C747E58008995F6 /* ListCalculator.app */,
			);
			name = Products;
			sourceTree = "<group>";
		};
		707872B31C747E58008995F6 /* ListCalculator */ = {
			isa = PBXGroup;
			children = (
				707872CD1C747F8C008995F6 /* Model */,
				707872CC1C747F6E008995F6 /* View */,
				707872CB1C747F4B008995F6 /* Controller */,
				707872CE1C747F9E008995F6 /* Misc */,
				707872B71C747E58008995F6 /* AppDelegate.h */,
				707872B81C747E58008995F6 /* AppDelegate.m */,
				707872BD1C747E58008995F6 /* Main.storyboard */,
				707872C01C747E58008995F6 /* Assets.xcassets */,
				707872C21C747E58008995F6 /* LaunchScreen.storyboard */,
				707872C51C747E58008995F6 /* Info.plist */,
				707872B41C747E58008995F6 /* Supporting Files */,
			);
			path = ListCalculator;
			sourceTree = "<group>";
		};
		707872B41C747E58008995F6 /* Supporting Files */ = {
			isa = PBXGroup;
			children = (
				707872B51C747E58008995F6 /* main.m */,
			);
			name = "Supporting Files";
			sourceTree = "<group>";
		};
		707872CB1C747F4B008995F6 /* Controller */ = {
			isa = PBXGroup;
			children = (
				707872CF1C747FF3008995F6 /* CalculatorController.h */,
				707872D01C747FF3008995F6 /* CalculatorController.m */,
				707872D21C748080008995F6 /* SettingController.h */,
				707872D31C748080008995F6 /* SettingController.m */,
			);
			path = Controller;
			sourceTree = "<group>";
		};
		707872CC1C747F6E008995F6 /* View */ = {
			isa = PBXGroup;
			children = (
				707872E41C75D229008995F6 /* CalculatorButton.h */,
				707872E51C75D229008995F6 /* CalculatorButton.m */,
				707872DB1C752D61008995F6 /* NumberButton.h */,
				707872DC1C752D61008995F6 /* NumberButton.m */,
				707872E11C75CFB8008995F6 /* OperatorButton.h */,
				707872E21C75CFB8008995F6 /* OperatorButton.m */,
			);
			path = View;
			sourceTree = "<group>";
		};
		707872CD1C747F8C008995F6 /* Model */ = {
			isa = PBXGroup;
			children = (
				707872DE1C75CF2F008995F6 /* Calculator.h */,
				707872DF1C75CF2F008995F6 /* Calculator.m */,
			);
			path = Model;
			sourceTree = "<group>";
		};
		707872CE1C747F9E008995F6 /* Misc */ = {
			isa = PBXGroup;
			children = (
				707872D51C748190008995F6 /* AppColor.h */,
				707872D61C748190008995F6 /* AppColor.m */,
				707872D81C7481A6008995F6 /* AppFont.h */,
				707872D91C7481A6008995F6 /* AppFont.m */,
			);
			path = Misc;
			sourceTree = "<group>";
		};
/* End PBXGroup section */

/* Begin PBXNativeTarget section */
		707872B01C747E58008995F6 /* ListCalculator */ = {
			isa = PBXNativeTarget;
			buildConfigurationList = 707872C81C747E58008995F6 /* Build configuration list for PBXNativeTarget "ListCalculator" */;
			buildPhases = (
				707872AD1C747E58008995F6 /* Sources */,
				707872AE1C747E58008995F6 /* Frameworks */,
				707872AF1C747E58008995F6 /* Resources */,
			);
			buildRules = (
			);
			dependencies = (
			);
			name = ListCalculator;
			productName = ListCalculator;
			productReference = 707872B11C747E58008995F6 /* ListCalculator.app */;
			productType = "com.apple.product-type.application";
		};
/* End PBXNativeTarget section */

/* Begin PBXProject section */
		707872A91C747E58008995F6 /* Project object */ = {
			isa = PBXProject;
			attributes = {
				LastUpgradeCheck = 0720;
				ORGANIZATIONNAME = hatapu;
				TargetAttributes = {
					707872B01C747E58008995F6 = {
						CreatedOnToolsVersion = 7.2.1;
					};
				};
			};
			buildConfigurationList = 707872AC1C747E58008995F6 /* Build configuration list for PBXProject "ListCalculator" */;
			compatibilityVersion = "Xcode 3.2";
			developmentRegion = English;
			hasScannedForEncodings = 0;
			knownRegions = (
				en,
				Base,
			);
			mainGroup = 707872A81C747E58008995F6;
			productRefGroup = 707872B21C747E58008995F6 /* Products */;
			projectDirPath = "";
			projectRoot = "";
			targets = (
				707872B01C747E58008995F6 /* ListCalculator */,
			);
		};
/* End PBXProject section */

/* Begin PBXResourcesBuildPhase section */
		707872AF1C747E58008995F6 /* Resources */ = {
			isa = PBXResourcesBuildPhase;
			buildActionMask = 2147483647;
			files = (
				707872C41C747E58008995F6 /* LaunchScreen.storyboard in Resources */,
				707872C11C747E58008995F6 /* Assets.xcassets in Resources */,
				707872BF1C747E58008995F6 /* Main.storyboard in Resources */,
			);
			runOnlyForDeploymentPostprocessing = 0;
		};
/* End PBXResourcesBuildPhase section */

/* Begin PBXSourcesBuildPhase section */
		707872AD1C747E58008995F6 /* Sources */ = {
			isa = PBXSourcesBuildPhase;
			buildActionMask = 2147483647;
			files = (
				707872DA1C7481A6008995F6 /* AppFont.m in Sources */,
				707872E61C75D229008995F6 /* CalculatorButton.m in Sources */,
				707872E01C75CF2F008995F6 /* Calculator.m in Sources */,
				707872D41C748080008995F6 /* SettingController.m in Sources */,
				707872E31C75CFB8008995F6 /* OperatorButton.m in Sources */,
				707872D11C747FF3008995F6 /* CalculatorController.m in Sources */,
				707872D71C748190008995F6 /* AppColor.m in Sources */,
				707872DD1C752D61008995F6 /* NumberButton.m in Sources */,
				707872B91C747E58008995F6 /* AppDelegate.m in Sources */,
				707872B61C747E58008995F6 /* main.m in Sources */,
			);
			runOnlyForDeploymentPostprocessing = 0;
		};
/* End PBXSourcesBuildPhase section */

/* Begin PBXVariantGroup section */
		707872BD1C747E58008995F6 /* Main.storyboard */ = {
			isa = PBXVariantGroup;
			children = (
				707872BE1C747E58008995F6 /* Base */,
			);
			name = Main.storyboard;
			sourceTree = "<group>";
		};
		707872C21C747E58008995F6 /* LaunchScreen.storyboard */ = {
			isa = PBXVariantGroup;
			children = (
				707872C31C747E58008995F6 /* Base */,
			);
			name = LaunchScreen.storyboard;
			sourceTree = "<group>";
		};
/* End PBXVariantGroup section */

/* Begin XCBuildConfiguration section */
		707872C61C747E58008995F6 /* Debug */ = {
			isa = XCBuildConfiguration;
			buildSettings = {
				ALWAYS_SEARCH_USER_PATHS = NO;
				CLANG_CXX_LANGUAGE_STANDARD = "gnu++0x";
				CLANG_CXX_LIBRARY = "libc++";
				CLANG_ENABLE_MODULES = YES;
				CLANG_ENABLE_OBJC_ARC = YES;
				CLANG_WARN_BOOL_CONVERSION = YES;
				CLANG_WARN_CONSTANT_CONVERSION = YES;
				CLANG_WARN_DIRECT_OBJC_ISA_USAGE = YES_ERROR;
				CLANG_WARN_EMPTY_BODY = YES;
				CLANG_WARN_ENUM_CONVERSION = YES;
				CLANG_WARN_INT_CONVERSION = YES;
				CLANG_WARN_OBJC_ROOT_CLASS = YES_ERROR;
				CLANG_WARN_UNREACHABLE_CODE = YES;
				CLANG_WARN__DUPLICATE_METHOD_MATCH = YES;
				"CODE_SIGN_IDENTITY[sdk=iphoneos*]" = "iPhone Developer";
				COPY_PHASE_STRIP = NO;
				DEBUG_INFORMATION_FORMAT = dwarf;
				ENABLE_STRICT_OBJC_MSGSEND = YES;
				ENABLE_TESTABILITY = YES;
				GCC_C_LANGUAGE_STANDARD = gnu99;
				GCC_DYNAMIC_NO_PIC = NO;
				GCC_NO_COMMON_BLOCKS = YES;
				GCC_OPTIMIZATION_LEVEL = 0;
				GCC_PREPROCESSOR_DEFINITIONS = (
					"DEBUG=1",
					"$(inherited)",
				);
				GCC_WARN_64_TO_32_BIT_CONVERSION = YES;
				GCC_WARN_ABOUT_RETURN_TYPE = YES_ERROR;
				GCC_WARN_UNDECLARED_SELECTOR = YES;
				GCC_WARN_UNINITIALIZED_AUTOS = YES_AGGRESSIVE;
				GCC_WARN_UNUSED_FUNCTION = YES;
				GCC_WARN_UNUSED_VARIABLE = YES;
				IPHONEOS_DEPLOYMENT_TARGET = 9.2;
				MTL_ENABLE_DEBUG_INFO = YES;
				ONLY_ACTIVE_ARCH = YES;
				SDKROOT = iphoneos;
			};
			name = Debug;
		};
		707872C71C747E58008995F6 /* Release */ = {
			isa = XCBuildConfiguration;
			buildSettings = {
				ALWAYS_SEARCH_USER_PATHS = NO;
				CLANG_CXX_LANGUAGE_STANDARD = "gnu++0x";
				CLANG_CXX_LIBRARY = "libc++";
				CLANG_ENABLE_MODULES = YES;
				CLANG_ENABLE_OBJC_ARC = YES;
				CLANG_WARN_BOOL_CONVERSION = YES;
				CLANG_WARN_CONSTANT_CONVERSION = YES;
				CLANG_WARN_DIRECT_OBJC_ISA_USAGE = YES_ERROR;
				CLANG_WARN_EMPTY_BODY = YES;
				CLANG_WARN_ENUM_CONVERSION = YES;
				CLANG_WARN_INT_CONVERSION = YES;
				CLANG_WARN_OBJC_ROOT_CLASS = YES_ERROR;
				CLANG_WARN_UNREACHABLE_CODE = YES;
				CLANG_WARN__DUPLICATE_METHOD_MATCH = YES;
				"CODE_SIGN_IDENTITY[sdk=iphoneos*]" = "iPhone Developer";
				COPY_PHASE_STRIP = NO;
				DEBUG_INFORMATION_FORMAT = "dwarf-with-dsym";
				ENABLE_NS_ASSERTIONS = NO;
				ENABLE_STRICT_OBJC_MSGSEND = YES;
				GCC_C_LANGUAGE_STANDARD = gnu99;
				GCC_NO_COMMON_BLOCKS = YES;
				GCC_WARN_64_TO_32_BIT_CONVERSION = YES;
				GCC_WARN_ABOUT_RETURN_TYPE = YES_ERROR;
				GCC_WARN_UNDECLARED_SELECTOR = YES;
				GCC_WARN_UNINITIALIZED_AUTOS = YES_AGGRESSIVE;
				GCC_WARN_UNUSED_FUNCTION = YES;
				GCC_WARN_UNUSED_VARIABLE = YES;
				IPHONEOS_DEPLOYMENT_TARGET = 9.2;
				MTL_ENABLE_DEBUG_INFO = NO;
				SDKROOT = iphoneos;
				VALIDATE_PRODUCT = YES;
			};
			name = Release;
		};
		707872C91C747E58008995F6 /* Debug */ = {
			isa = XCBuildConfiguration;
			buildSettings = {
				ASSETCATALOG_COMPILER_APPICON_NAME = AppIcon;
				INFOPLIST_FILE = ListCalculator/Info.plist;
				LD_RUNPATH_SEARCH_PATHS = "$(inherited) @executable_path/Frameworks";
				PRODUCT_BUNDLE_IDENTIFIER = com.hatapu.ListCalculator;
				PRODUCT_NAME = "$(TARGET_NAME)";
			};
			name = Debug;
		};
		707872CA1C747E58008995F6 /* Release */ = {
			isa = XCBuildConfiguration;
			buildSettings = {
				ASSETCATALOG_COMPILER_APPICON_NAME = AppIcon;
				INFOPLIST_FILE = ListCalculator/Info.plist;
				LD_RUNPATH_SEARCH_PATHS = "$(inherited) @executable_path/Frameworks";
				PRODUCT_BUNDLE_IDENTIFIER = com.hatapu.ListCalculator;
				PRODUCT_NAME = "$(TARGET_NAME)";
			};
			name = Release;
		};
/* End XCBuildConfiguration section */

/* Begin XCConfigurationList section */
		707872AC1C747E58008995F6 /* Build configuration list for PBXProject "ListCalculator" */ = {
			isa = XCConfigurationList;
			buildConfigurations = (
				707872C61C747E58008995F6 /* Debug */,
				707872C71C747E58008995F6 /* Release */,
			);
			defaultConfigurationIsVisible = 0;
			defaultConfigurationName = Release;
		};
		707872C81C747E58008995F6 /* Build configuration list for PBXNativeTarget "ListCalculator" */ = {
			isa = XCConfigurationList;
			buildConfigurations = (
				707872C91C747E58008995F6 /* Debug */,
				707872CA1C747E58008995F6 /* Release */,
			);
			defaultConfigurationIsVisible = 0;
			defaultConfigurationName = Release;
		};
/* End XCConfigurationList section */
	};
	rootObject = 707872A91C747E58008995F6 /* Project object */;
}
